
Microsoft Visual Studio Solution File, Format Version 12.00
# Visual Studio Version 17
VisualStudioVersion = 17.5.33516.290
MinimumVisualStudioVersion = 10.0.40219.1
Project("{FAE04EC0-301F-11D3-BF4B-00C04F79EFBC}") = "DataCustomizer", "DataCustomizer\DataCustomizer.csproj", "{99E7D9CB-1205-4A0F-AF16-7B94C7E73E6A}"
EndProject
Project("{FAE04EC0-301F-11D3-BF4B-00C04F79EFBC}") = "ResourcefulGeysers", "ResourcefulGeysers\ResourcefulGeysers.csproj", "{5709B434-2E22-41C7-8251-6E2D8FCD321C}"
EndProject
Project("{FAE04EC0-301F-11D3-BF4B-00C04F79EFBC}") = "ImmersiveTimeCapsules", "ImmersiveTimeCapsules\ImmersiveTimeCapsules.csproj", "{1EABC860-EA65-4B59-8171-D445D4E1DBBD}"
EndProject
Global
	GlobalSection(SolutionConfigurationPlatforms) = preSolution
		Debug|Any CPU = Debug|Any CPU
		Release|Any CPU = Release|Any CPU
	EndGlobalSection
	GlobalSection(ProjectConfigurationPlatforms) = postSolution
		{99E7D9CB-1205-4A0F-AF16-7B94C7E73E6A}.Debug|Any CPU.ActiveCfg = Debug|Any CPU
		{99E7D9CB-1205-4A0F-AF16-7B94C7E73E6A}.Debug|Any CPU.Build.0 = Debug|Any CPU
		{99E7D9CB-1205-4A0F-AF16-7B94C7E73E6A}.Release|Any CPU.ActiveCfg = Release|Any CPU
		{99E7D9CB-1205-4A0F-AF16-7B94C7E73E6A}.Release|Any CPU.Build.0 = Release|Any CPU
		{5709B434-2E22-41C7-8251-6E2D8FCD321C}.Debug|Any CPU.ActiveCfg = Debug|Any CPU
		{5709B434-2E22-41C7-8251-6E2D8FCD321C}.Debug|Any CPU.Build.0 = Debug|Any CPU
		{5709B434-2E22-41C7-8251-6E2D8FCD321C}.Release|Any CPU.ActiveCfg = Release|Any CPU
		{5709B434-2E22-41C7-8251-6E2D8FCD321C}.Release|Any CPU.Build.0 = Release|Any CPU
		{1EABC860-EA65-4B59-8171-D445D4E1DBBD}.Debug|Any CPU.ActiveCfg = Debug|Any CPU
		{1EABC860-EA65-4B59-8171-D445D4E1DBBD}.Debug|Any CPU.Build.0 = Debug|Any CPU
		{1EABC860-EA65-4B59-8171-D445D4E1DBBD}.Release|Any CPU.ActiveCfg = Release|Any CPU
		{1EABC860-EA65-4B59-8171-D445D4E1DBBD}.Release|Any CPU.Build.0 = Release|Any CPU
	EndGlobalSection
	GlobalSection(SolutionProperties) = preSolution
		HideSolutionNode = FALSE
	EndGlobalSection
	GlobalSection(ExtensibilityGlobals) = postSolution
		SolutionGuid = {0D6123D7-A5BA-4759-A3EE-5006823102C8}
	EndGlobalSection
EndGlobal
